// !$*UTF8*$!
{
	archiveVersion = 1;
	classes = {
	};
	objectVersion = 50;
	objects = {

/* Begin PBXBuildFile section */
		8419CD8F21E46E1D00A67558 /* NunitoSans-SemiBold.ttf in Resources */ = {isa = PBXBuildFile; fileRef = 8419CD8E21E46E1D00A67558 /* NunitoSans-SemiBold.ttf */; };
		8419CD9221E48E3800A67558 /* AllSuggestionsCell.swift in Sources */ = {isa = PBXBuildFile; fileRef = 8419CD9021E48E3800A67558 /* AllSuggestionsCell.swift */; };
		8419CD9321E48E3800A67558 /* AllSuggestionsCell.xib in Resources */ = {isa = PBXBuildFile; fileRef = 8419CD9121E48E3800A67558 /* AllSuggestionsCell.xib */; };
		8419CD9521E4946F00A67558 /* UIColorExtension.swift in Sources */ = {isa = PBXBuildFile; fileRef = 8419CD9421E4946F00A67558 /* UIColorExtension.swift */; };
		8419CD9721E4964000A67558 /* centerAlignedFlowLayout.swift in Sources */ = {isa = PBXBuildFile; fileRef = 8419CD9621E4964000A67558 /* centerAlignedFlowLayout.swift */; };
		8419CD9921E4C75F00A67558 /* ConfirmDataSave.swift in Sources */ = {isa = PBXBuildFile; fileRef = 8419CD9821E4C75F00A67558 /* ConfirmDataSave.swift */; };
		8419CD9B21E4D36200A67558 /* Signup.swift in Sources */ = {isa = PBXBuildFile; fileRef = 8419CD9A21E4D36200A67558 /* Signup.swift */; };
		84CE4F9321E314A500346B95 /* AppDelegate.swift in Sources */ = {isa = PBXBuildFile; fileRef = 84CE4F9221E314A500346B95 /* AppDelegate.swift */; };
		84CE4F9521E314A500346B95 /* ViewController.swift in Sources */ = {isa = PBXBuildFile; fileRef = 84CE4F9421E314A500346B95 /* ViewController.swift */; };
		84CE4F9821E314A500346B95 /* Main.storyboard in Resources */ = {isa = PBXBuildFile; fileRef = 84CE4F9621E314A500346B95 /* Main.storyboard */; };
		84CE4F9A21E314A600346B95 /* Assets.xcassets in Resources */ = {isa = PBXBuildFile; fileRef = 84CE4F9921E314A600346B95 /* Assets.xcassets */; };
		84CE4F9D21E314A600346B95 /* LaunchScreen.storyboard in Resources */ = {isa = PBXBuildFile; fileRef = 84CE4F9B21E314A600346B95 /* LaunchScreen.storyboard */; };
		84CE4FA821E314A600346B95 /* ChatBotAppTests.swift in Sources */ = {isa = PBXBuildFile; fileRef = 84CE4FA721E314A600346B95 /* ChatBotAppTests.swift */; };
		84CE4FB321E314A600346B95 /* ChatBotAppUITests.swift in Sources */ = {isa = PBXBuildFile; fileRef = 84CE4FB221E314A600346B95 /* ChatBotAppUITests.swift */; };
		84CE4FC221E315F700346B95 /* ChatViewController.swift in Sources */ = {isa = PBXBuildFile; fileRef = 84CE4FC021E315F700346B95 /* ChatViewController.swift */; };
		84CE4FC321E315F700346B95 /* ChatViewController.xib in Resources */ = {isa = PBXBuildFile; fileRef = 84CE4FC121E315F700346B95 /* ChatViewController.xib */; };
		84CE4FC621E31BD400346B95 /* BotCell.swift in Sources */ = {isa = PBXBuildFile; fileRef = 84CE4FC421E31BD400346B95 /* BotCell.swift */; };
		84CE4FC721E31BD400346B95 /* BotCell.xib in Resources */ = {isa = PBXBuildFile; fileRef = 84CE4FC521E31BD400346B95 /* BotCell.xib */; };
		84CE4FCA21E31FEF00346B95 /* UserCell.swift in Sources */ = {isa = PBXBuildFile; fileRef = 84CE4FC821E31FEF00346B95 /* UserCell.swift */; };
		84CE4FCB21E31FEF00346B95 /* UserCell.xib in Resources */ = {isa = PBXBuildFile; fileRef = 84CE4FC921E31FEF00346B95 /* UserCell.xib */; };
		84CE4FCD21E3235C00346B95 /* SpringLayout.swift in Sources */ = {isa = PBXBuildFile; fileRef = 84CE4FCC21E3235C00346B95 /* SpringLayout.swift */; };
		84CE4FCF21E3371300346B95 /* ChatBrain.swift in Sources */ = {isa = PBXBuildFile; fileRef = 84CE4FCE21E3371300346B95 /* ChatBrain.swift */; };
		84CE4FD121E338B900346B95 /* ChatEngine.swift in Sources */ = {isa = PBXBuildFile; fileRef = 84CE4FD021E338B900346B95 /* ChatEngine.swift */; };
		84CE4FD421E3434A00346B95 /* SuggestionCell.swift in Sources */ = {isa = PBXBuildFile; fileRef = 84CE4FD221E3434A00346B95 /* SuggestionCell.swift */; };
		84CE4FD521E3434A00346B95 /* SuggestionCell.xib in Resources */ = {isa = PBXBuildFile; fileRef = 84CE4FD321E3434A00346B95 /* SuggestionCell.xib */; };
		84CE4FD921E36FB700346B95 /* Login.swift in Sources */ = {isa = PBXBuildFile; fileRef = 84CE4FD821E36FB700346B95 /* Login.swift */; };
		84CE4FDB21E37A2900346B95 /* UIView+Extension.swift in Sources */ = {isa = PBXBuildFile; fileRef = 84CE4FDA21E37A2900346B95 /* UIView+Extension.swift */; };
/* End PBXBuildFile section */

/* Begin PBXContainerItemProxy section */
		84CE4FA421E314A600346B95 /* PBXContainerItemProxy */ = {
			isa = PBXContainerItemProxy;
			containerPortal = 84CE4F8721E314A500346B95 /* Project object */;
			proxyType = 1;
			remoteGlobalIDString = 84CE4F8E21E314A500346B95;
			remoteInfo = ChatBotApp;
		};
		84CE4FAF21E314A600346B95 /* PBXContainerItemProxy */ = {
			isa = PBXContainerItemProxy;
			containerPortal = 84CE4F8721E314A500346B95 /* Project object */;
			proxyType = 1;
			remoteGlobalIDString = 84CE4F8E21E314A500346B95;
			remoteInfo = ChatBotApp;
		};
/* End PBXContainerItemProxy section */

/* Begin PBXFileReference section */
		8419CD8E21E46E1D00A67558 /* NunitoSans-SemiBold.ttf */ = {isa = PBXFileReference; lastKnownFileType = file; path = "NunitoSans-SemiBold.ttf"; sourceTree = "<group>"; };
		8419CD9021E48E3800A67558 /* AllSuggestionsCell.swift */ = {isa = PBXFileReference; lastKnownFileType = sourcecode.swift; path = AllSuggestionsCell.swift; sourceTree = "<group>"; };
		8419CD9121E48E3800A67558 /* AllSuggestionsCell.xib */ = {isa = PBXFileReference; lastKnownFileType = file.xib; path = AllSuggestionsCell.xib; sourceTree = "<group>"; };
		8419CD9421E4946F00A67558 /* UIColorExtension.swift */ = {isa = PBXFileReference; lastKnownFileType = sourcecode.swift; path = UIColorExtension.swift; sourceTree = "<group>"; };
		8419CD9621E4964000A67558 /* centerAlignedFlowLayout.swift */ = {isa = PBXFileReference; lastKnownFileType = sourcecode.swift; path = centerAlignedFlowLayout.swift; sourceTree = "<group>"; };
		8419CD9821E4C75F00A67558 /* ConfirmDataSave.swift */ = {isa = PBXFileReference; lastKnownFileType = sourcecode.swift; path = ConfirmDataSave.swift; sourceTree = "<group>"; };
		8419CD9A21E4D36200A67558 /* Signup.swift */ = {isa = PBXFileReference; lastKnownFileType = sourcecode.swift; path = Signup.swift; sourceTree = "<group>"; };
		84CE4F8F21E314A500346B95 /* ChatBotApp.app */ = {isa = PBXFileReference; explicitFileType = wrapper.application; includeInIndex = 0; path = ChatBotApp.app; sourceTree = BUILT_PRODUCTS_DIR; };
		84CE4F9221E314A500346B95 /* AppDelegate.swift */ = {isa = PBXFileReference; lastKnownFileType = sourcecode.swift; path = AppDelegate.swift; sourceTree = "<group>"; };
		84CE4F9421E314A500346B95 /* ViewController.swift */ = {isa = PBXFileReference; lastKnownFileType = sourcecode.swift; path = ViewController.swift; sourceTree = "<group>"; };
		84CE4F9721E314A500346B95 /* Base */ = {isa = PBXFileReference; lastKnownFileType = file.storyboard; name = Base; path = Base.lproj/Main.storyboard; sourceTree = "<group>"; };
		84CE4F9921E314A600346B95 /* Assets.xcassets */ = {isa = PBXFileReference; lastKnownFileType = folder.assetcatalog; path = Assets.xcassets; sourceTree = "<group>"; };
		84CE4F9C21E314A600346B95 /* Base */ = {isa = PBXFileReference; lastKnownFileType = file.storyboard; name = Base; path = Base.lproj/LaunchScreen.storyboard; sourceTree = "<group>"; };
		84CE4F9E21E314A600346B95 /* Info.plist */ = {isa = PBXFileReference; lastKnownFileType = text.plist.xml; path = Info.plist; sourceTree = "<group>"; };
		84CE4FA321E314A600346B95 /* ChatBotAppTests.xctest */ = {isa = PBXFileReference; explicitFileType = wrapper.cfbundle; includeInIndex = 0; path = ChatBotAppTests.xctest; sourceTree = BUILT_PRODUCTS_DIR; };
		84CE4FA721E314A600346B95 /* ChatBotAppTests.swift */ = {isa = PBXFileReference; lastKnownFileType = sourcecode.swift; path = ChatBotAppTests.swift; sourceTree = "<group>"; };
		84CE4FA921E314A600346B95 /* Info.plist */ = {isa = PBXFileReference; lastKnownFileType = text.plist.xml; path = Info.plist; sourceTree = "<group>"; };
		84CE4FAE21E314A600346B95 /* ChatBotAppUITests.xctest */ = {isa = PBXFileReference; explicitFileType = wrapper.cfbundle; includeInIndex = 0; path = ChatBotAppUITests.xctest; sourceTree = BUILT_PRODUCTS_DIR; };
		84CE4FB221E314A600346B95 /* ChatBotAppUITests.swift */ = {isa = PBXFileReference; lastKnownFileType = sourcecode.swift; path = ChatBotAppUITests.swift; sourceTree = "<group>"; };
		84CE4FB421E314A600346B95 /* Info.plist */ = {isa = PBXFileReference; lastKnownFileType = text.plist.xml; path = Info.plist; sourceTree = "<group>"; };
		84CE4FC021E315F700346B95 /* ChatViewController.swift */ = {isa = PBXFileReference; lastKnownFileType = sourcecode.swift; path = ChatViewController.swift; sourceTree = "<group>"; };
		84CE4FC121E315F700346B95 /* ChatViewController.xib */ = {isa = PBXFileReference; lastKnownFileType = file.xib; path = ChatViewController.xib; sourceTree = "<group>"; };
		84CE4FC421E31BD400346B95 /* BotCell.swift */ = {isa = PBXFileReference; lastKnownFileType = sourcecode.swift; path = BotCell.swift; sourceTree = "<group>"; };
		84CE4FC521E31BD400346B95 /* BotCell.xib */ = {isa = PBXFileReference; lastKnownFileType = file.xib; path = BotCell.xib; sourceTree = "<group>"; };
		84CE4FC821E31FEF00346B95 /* UserCell.swift */ = {isa = PBXFileReference; lastKnownFileType = sourcecode.swift; path = UserCell.swift; sourceTree = "<group>"; };
		84CE4FC921E31FEF00346B95 /* UserCell.xib */ = {isa = PBXFileReference; lastKnownFileType = file.xib; path = UserCell.xib; sourceTree = "<group>"; };
		84CE4FCC21E3235C00346B95 /* SpringLayout.swift */ = {isa = PBXFileReference; lastKnownFileType = sourcecode.swift; path = SpringLayout.swift; sourceTree = "<group>"; };
		84CE4FCE21E3371300346B95 /* ChatBrain.swift */ = {isa = PBXFileReference; lastKnownFileType = sourcecode.swift; path = ChatBrain.swift; sourceTree = "<group>"; };
		84CE4FD021E338B900346B95 /* ChatEngine.swift */ = {isa = PBXFileReference; lastKnownFileType = sourcecode.swift; path = ChatEngine.swift; sourceTree = "<group>"; };
		84CE4FD221E3434A00346B95 /* SuggestionCell.swift */ = {isa = PBXFileReference; lastKnownFileType = sourcecode.swift; path = SuggestionCell.swift; sourceTree = "<group>"; };
		84CE4FD321E3434A00346B95 /* SuggestionCell.xib */ = {isa = PBXFileReference; lastKnownFileType = file.xib; path = SuggestionCell.xib; sourceTree = "<group>"; };
		84CE4FD821E36FB700346B95 /* Login.swift */ = {isa = PBXFileReference; lastKnownFileType = sourcecode.swift; path = Login.swift; sourceTree = "<group>"; };
		84CE4FDA21E37A2900346B95 /* UIView+Extension.swift */ = {isa = PBXFileReference; lastKnownFileType = sourcecode.swift; path = "UIView+Extension.swift"; sourceTree = "<group>"; };
/* End PBXFileReference section */

/* Begin PBXFrameworksBuildPhase section */
		84CE4F8C21E314A500346B95 /* Frameworks */ = {
			isa = PBXFrameworksBuildPhase;
			buildActionMask = 2147483647;
			files = (
			);
			runOnlyForDeploymentPostprocessing = 0;
		};
		84CE4FA021E314A600346B95 /* Frameworks */ = {
			isa = PBXFrameworksBuildPhase;
			buildActionMask = 2147483647;
			files = (
			);
			runOnlyForDeploymentPostprocessing = 0;
		};
		84CE4FAB21E314A600346B95 /* Frameworks */ = {
			isa = PBXFrameworksBuildPhase;
			buildActionMask = 2147483647;
			files = (
			);
			runOnlyForDeploymentPostprocessing = 0;
		};
/* End PBXFrameworksBuildPhase section */

/* Begin PBXGroup section */
		84CE4F8621E314A500346B95 = {
			isa = PBXGroup;
			children = (
				84CE4F9121E314A500346B95 /* ChatBotApp */,
				84CE4FA621E314A600346B95 /* ChatBotAppTests */,
				84CE4FB121E314A600346B95 /* ChatBotAppUITests */,
				84CE4F9021E314A500346B95 /* Products */,
			);
			sourceTree = "<group>";
		};
		84CE4F9021E314A500346B95 /* Products */ = {
			isa = PBXGroup;
			children = (
				84CE4F8F21E314A500346B95 /* ChatBotApp.app */,
				84CE4FA321E314A600346B95 /* ChatBotAppTests.xctest */,
				84CE4FAE21E314A600346B95 /* ChatBotAppUITests.xctest */,
			);
			name = Products;
			sourceTree = "<group>";
		};
		84CE4F9121E314A500346B95 /* ChatBotApp */ = {
			isa = PBXGroup;
			children = (
				84CE4F9221E314A500346B95 /* AppDelegate.swift */,
				84CE4F9421E314A500346B95 /* ViewController.swift */,
				84CE4F9621E314A500346B95 /* Main.storyboard */,
				84CE4FCC21E3235C00346B95 /* SpringLayout.swift */,
				8419CD9821E4C75F00A67558 /* ConfirmDataSave.swift */,
				84CE4FCE21E3371300346B95 /* ChatBrain.swift */,
				84CE4FD021E338B900346B95 /* ChatEngine.swift */,
				84CE4FC021E315F700346B95 /* ChatViewController.swift */,
				84CE4FC121E315F700346B95 /* ChatViewController.xib */,
				84CE4FD821E36FB700346B95 /* Login.swift */,
				8419CD9A21E4D36200A67558 /* Signup.swift */,
				84CE4FD221E3434A00346B95 /* SuggestionCell.swift */,
				84CE4FD321E3434A00346B95 /* SuggestionCell.xib */,
				84CE4FC421E31BD400346B95 /* BotCell.swift */,
				84CE4FC521E31BD400346B95 /* BotCell.xib */,
				84CE4FC821E31FEF00346B95 /* UserCell.swift */,
				84CE4FC921E31FEF00346B95 /* UserCell.xib */,
				8419CD9021E48E3800A67558 /* AllSuggestionsCell.swift */,
				8419CD9121E48E3800A67558 /* AllSuggestionsCell.xib */,
				84CE4FDA21E37A2900346B95 /* UIView+Extension.swift */,
				8419CD8E21E46E1D00A67558 /* NunitoSans-SemiBold.ttf */,
				8419CD9421E4946F00A67558 /* UIColorExtension.swift */,
				8419CD9621E4964000A67558 /* centerAlignedFlowLayout.swift */,
				84CE4F9921E314A600346B95 /* Assets.xcassets */,
				84CE4F9B21E314A600346B95 /* LaunchScreen.storyboard */,
				84CE4F9E21E314A600346B95 /* Info.plist */,
			);
			path = ChatBotApp;
			sourceTree = "<group>";
		};
		84CE4FA621E314A600346B95 /* ChatBotAppTests */ = {
			isa = PBXGroup;
			children = (
				84CE4FA721E314A600346B95 /* ChatBotAppTests.swift */,
				84CE4FA921E314A600346B95 /* Info.plist */,
			);
			path = ChatBotAppTests;
			sourceTree = "<group>";
		};
		84CE4FB121E314A600346B95 /* ChatBotAppUITests */ = {
			isa = PBXGroup;
			children = (
				84CE4FB221E314A600346B95 /* ChatBotAppUITests.swift */,
				84CE4FB421E314A600346B95 /* Info.plist */,
			);
			path = ChatBotAppUITests;
			sourceTree = "<group>";
		};
/* End PBXGroup section */

/* Begin PBXNativeTarget section */
		84CE4F8E21E314A500346B95 /* ChatBotApp */ = {
			isa = PBXNativeTarget;
			buildConfigurationList = 84CE4FB721E314A600346B95 /* Build configuration list for PBXNativeTarget "ChatBotApp" */;
			buildPhases = (
				84CE4F8B21E314A500346B95 /* Sources */,
				84CE4F8C21E314A500346B95 /* Frameworks */,
				84CE4F8D21E314A500346B95 /* Resources */,
			);
			buildRules = (
			);
			dependencies = (
			);
			name = ChatBotApp;
			productName = ChatBotApp;
			productReference = 84CE4F8F21E314A500346B95 /* ChatBotApp.app */;
			productType = "com.apple.product-type.application";
		};
		84CE4FA221E314A600346B95 /* ChatBotAppTests */ = {
			isa = PBXNativeTarget;
			buildConfigurationList = 84CE4FBA21E314A600346B95 /* Build configuration list for PBXNativeTarget "ChatBotAppTests" */;
			buildPhases = (
				84CE4F9F21E314A600346B95 /* Sources */,
				84CE4FA021E314A600346B95 /* Frameworks */,
				84CE4FA121E314A600346B95 /* Resources */,
			);
			buildRules = (
			);
			dependencies = (
				84CE4FA521E314A600346B95 /* PBXTargetDependency */,
			);
			name = ChatBotAppTests;
			productName = ChatBotAppTests;
			productReference = 84CE4FA321E314A600346B95 /* ChatBotAppTests.xctest */;
			productType = "com.apple.product-type.bundle.unit-test";
		};
		84CE4FAD21E314A600346B95 /* ChatBotAppUITests */ = {
			isa = PBXNativeTarget;
			buildConfigurationList = 84CE4FBD21E314A600346B95 /* Build configuration list for PBXNativeTarget "ChatBotAppUITests" */;
			buildPhases = (
				84CE4FAA21E314A600346B95 /* Sources */,
				84CE4FAB21E314A600346B95 /* Frameworks */,
				84CE4FAC21E314A600346B95 /* Resources */,
			);
			buildRules = (
			);
			dependencies = (
				84CE4FB021E314A600346B95 /* PBXTargetDependency */,
			);
			name = ChatBotAppUITests;
			productName = ChatBotAppUITests;
			productReference = 84CE4FAE21E314A600346B95 /* ChatBotAppUITests.xctest */;
			productType = "com.apple.product-type.bundle.ui-testing";
		};
/* End PBXNativeTarget section */

/* Begin PBXProject section */
		84CE4F8721E314A500346B95 /* Project object */ = {
			isa = PBXProject;
			attributes = {
				LastSwiftUpdateCheck = 1010;
				LastUpgradeCheck = 1010;
				ORGANIZATIONNAME = Admin;
				TargetAttributes = {
					84CE4F8E21E314A500346B95 = {
						CreatedOnToolsVersion = 10.1;
					};
					84CE4FA221E314A600346B95 = {
						CreatedOnToolsVersion = 10.1;
						TestTargetID = 84CE4F8E21E314A500346B95;
					};
					84CE4FAD21E314A600346B95 = {
						CreatedOnToolsVersion = 10.1;
						TestTargetID = 84CE4F8E21E314A500346B95;
					};
				};
			};
			buildConfigurationList = 84CE4F8A21E314A500346B95 /* Build configuration list for PBXProject "ChatBotApp" */;
			compatibilityVersion = "Xcode 9.3";
			developmentRegion = en;
			hasScannedForEncodings = 0;
			knownRegions = (
				en,
				Base,
			);
			mainGroup = 84CE4F8621E314A500346B95;
			productRefGroup = 84CE4F9021E314A500346B95 /* Products */;
			projectDirPath = "";
			projectRoot = "";
			targets = (
				84CE4F8E21E314A500346B95 /* ChatBotApp */,
				84CE4FA221E314A600346B95 /* ChatBotAppTests */,
				84CE4FAD21E314A600346B95 /* ChatBotAppUITests */,
			);
		};
/* End PBXProject section */

/* Begin PBXResourcesBuildPhase section */
		84CE4F8D21E314A500346B95 /* Resources */ = {
			isa = PBXResourcesBuildPhase;
			buildActionMask = 2147483647;
			files = (
				84CE4F9D21E314A600346B95 /* LaunchScreen.storyboard in Resources */,
				8419CD8F21E46E1D00A67558 /* NunitoSans-SemiBold.ttf in Resources */,
				84CE4FD521E3434A00346B95 /* SuggestionCell.xib in Resources */,
				84CE4FC721E31BD400346B95 /* BotCell.xib in Resources */,
				84CE4FCB21E31FEF00346B95 /* UserCell.xib in Resources */,
				84CE4F9A21E314A600346B95 /* Assets.xcassets in Resources */,
				8419CD9321E48E3800A67558 /* AllSuggestionsCell.xib in Resources */,
				84CE4FC321E315F700346B95 /* ChatViewController.xib in Resources */,
				84CE4F9821E314A500346B95 /* Main.storyboard in Resources */,
			);
			runOnlyForDeploymentPostprocessing = 0;
		};
		84CE4FA121E314A600346B95 /* Resources */ = {
			isa = PBXResourcesBuildPhase;
			buildActionMask = 2147483647;
			files = (
			);
			runOnlyForDeploymentPostprocessing = 0;
		};
		84CE4FAC21E314A600346B95 /* Resources */ = {
			isa = PBXResourcesBuildPhase;
			buildActionMask = 2147483647;
			files = (
			);
			runOnlyForDeploymentPostprocessing = 0;
		};
/* End PBXResourcesBuildPhase section */

/* Begin PBXSourcesBuildPhase section */
		84CE4F8B21E314A500346B95 /* Sources */ = {
			isa = PBXSourcesBuildPhase;
			buildActionMask = 2147483647;
			files = (
				84CE4FDB21E37A2900346B95 /* UIView+Extension.swift in Sources */,
				84CE4F9521E314A500346B95 /* ViewController.swift in Sources */,
				84CE4FD921E36FB700346B95 /* Login.swift in Sources */,
				84CE4FD121E338B900346B95 /* ChatEngine.swift in Sources */,
				84CE4FC621E31BD400346B95 /* BotCell.swift in Sources */,
				84CE4FD421E3434A00346B95 /* SuggestionCell.swift in Sources */,
				8419CD9521E4946F00A67558 /* UIColorExtension.swift in Sources */,
				84CE4FCF21E3371300346B95 /* ChatBrain.swift in Sources */,
				8419CD9221E48E3800A67558 /* AllSuggestionsCell.swift in Sources */,
				8419CD9721E4964000A67558 /* centerAlignedFlowLayout.swift in Sources */,
				84CE4FC221E315F700346B95 /* ChatViewController.swift in Sources */,
				8419CD9921E4C75F00A67558 /* ConfirmDataSave.swift in Sources */,
				84CE4FCA21E31FEF00346B95 /* UserCell.swift in Sources */,
				8419CD9B21E4D36200A67558 /* Signup.swift in Sources */,
				84CE4FCD21E3235C00346B95 /* SpringLayout.swift in Sources */,
				84CE4F9321E314A500346B95 /* AppDelegate.swift in Sources */,
			);
			runOnlyForDeploymentPostprocessing = 0;
		};
		84CE4F9F21E314A600346B95 /* Sources */ = {
			isa = PBXSourcesBuildPhase;
			buildActionMask = 2147483647;
			files = (
				84CE4FA821E314A600346B95 /* ChatBotAppTests.swift in Sources */,
			);
			runOnlyForDeploymentPostprocessing = 0;
		};
		84CE4FAA21E314A600346B95 /* Sources */ = {
			isa = PBXSourcesBuildPhase;
			buildActionMask = 2147483647;
			files = (
				84CE4FB321E314A600346B95 /* ChatBotAppUITests.swift in Sources */,
			);
			runOnlyForDeploymentPostprocessing = 0;
		};
/* End PBXSourcesBuildPhase section */

/* Begin PBXTargetDependency section */
		84CE4FA521E314A600346B95 /* PBXTargetDependency */ = {
			isa = PBXTargetDependency;
			target = 84CE4F8E21E314A500346B95 /* ChatBotApp */;
			targetProxy = 84CE4FA421E314A600346B95 /* PBXContainerItemProxy */;
		};
		84CE4FB021E314A600346B95 /* PBXTargetDependency */ = {
			isa = PBXTargetDependency;
			target = 84CE4F8E21E314A500346B95 /* ChatBotApp */;
			targetProxy = 84CE4FAF21E314A600346B95 /* PBXContainerItemProxy */;
		};
/* End PBXTargetDependency section */

/* Begin PBXVariantGroup section */
		84CE4F9621E314A500346B95 /* Main.storyboard */ = {
			isa = PBXVariantGroup;
			children = (
				84CE4F9721E314A500346B95 /* Base */,
			);
			name = Main.storyboard;
			sourceTree = "<group>";
		};
		84CE4F9B21E314A600346B95 /* LaunchScreen.storyboard */ = {
			isa = PBXVariantGroup;
			children = (
				84CE4F9C21E314A600346B95 /* Base */,
			);
			name = LaunchScreen.storyboard;
			sourceTree = "<group>";
		};
/* End PBXVariantGroup section */

/* Begin XCBuildConfiguration section */
		84CE4FB521E314A600346B95 /* Debug */ = {
			isa = XCBuildConfiguration;
			buildSettings = {
				ALWAYS_SEARCH_USER_PATHS = NO;
				CLANG_ANALYZER_NONNULL = YES;
				CLANG_ANALYZER_NUMBER_OBJECT_CONVERSION = YES_AGGRESSIVE;
				CLANG_CXX_LANGUAGE_STANDARD = "gnu++14";
				CLANG_CXX_LIBRARY = "libc++";
				CLANG_ENABLE_MODULES = YES;
				CLANG_ENABLE_OBJC_ARC = YES;
				CLANG_ENABLE_OBJC_WEAK = YES;
				CLANG_WARN_BLOCK_CAPTURE_AUTORELEASING = YES;
				CLANG_WARN_BOOL_CONVERSION = YES;
				CLANG_WARN_COMMA = YES;
				CLANG_WARN_CONSTANT_CONVERSION = YES;
				CLANG_WARN_DEPRECATED_OBJC_IMPLEMENTATIONS = YES;
				CLANG_WARN_DIRECT_OBJC_ISA_USAGE = YES_ERROR;
				CLANG_WARN_DOCUMENTATION_COMMENTS = YES;
				CLANG_WARN_EMPTY_BODY = YES;
				CLANG_WARN_ENUM_CONVERSION = YES;
				CLANG_WARN_INFINITE_RECURSION = YES;
				CLANG_WARN_INT_CONVERSION = YES;
				CLANG_WARN_NON_LITERAL_NULL_CONVERSION = YES;
				CLANG_WARN_OBJC_IMPLICIT_RETAIN_SELF = YES;
				CLANG_WARN_OBJC_LITERAL_CONVERSION = YES;
				CLANG_WARN_OBJC_ROOT_CLASS = YES_ERROR;
				CLANG_WARN_RANGE_LOOP_ANALYSIS = YES;
				CLANG_WARN_STRICT_PROTOTYPES = YES;
				CLANG_WARN_SUSPICIOUS_MOVE = YES;
				CLANG_WARN_UNGUARDED_AVAILABILITY = YES_AGGRESSIVE;
				CLANG_WARN_UNREACHABLE_CODE = YES;
				CLANG_WARN__DUPLICATE_METHOD_MATCH = YES;
				CODE_SIGN_IDENTITY = "iPhone Developer";
				COPY_PHASE_STRIP = NO;
				DEBUG_INFORMATION_FORMAT = dwarf;
				ENABLE_STRICT_OBJC_MSGSEND = YES;
				ENABLE_TESTABILITY = YES;
				GCC_C_LANGUAGE_STANDARD = gnu11;
				GCC_DYNAMIC_NO_PIC = NO;
				GCC_NO_COMMON_BLOCKS = YES;
				GCC_OPTIMIZATION_LEVEL = 0;
				GCC_PREPROCESSOR_DEFINITIONS = (
					"DEBUG=1",
					"$(inherited)",
				);
				GCC_WARN_64_TO_32_BIT_CONVERSION = YES;
				GCC_WARN_ABOUT_RETURN_TYPE = YES_ERROR;
				GCC_WARN_UNDECLARED_SELECTOR = YES;
				GCC_WARN_UNINITIALIZED_AUTOS = YES_AGGRESSIVE;
				GCC_WARN_UNUSED_FUNCTION = YES;
				GCC_WARN_UNUSED_VARIABLE = YES;
				IPHONEOS_DEPLOYMENT_TARGET = 12.1;
				MTL_ENABLE_DEBUG_INFO = INCLUDE_SOURCE;
				MTL_FAST_MATH = YES;
				ONLY_ACTIVE_ARCH = YES;
				SDKROOT = iphoneos;
				SWIFT_ACTIVE_COMPILATION_CONDITIONS = DEBUG;
				SWIFT_OPTIMIZATION_LEVEL = "-Onone";
			};
			name = Debug;
		};
		84CE4FB621E314A600346B95 /* Release */ = {
			isa = XCBuildConfiguration;
			buildSettings = {
				ALWAYS_SEARCH_USER_PATHS = NO;
				CLANG_ANALYZER_NONNULL = YES;
				CLANG_ANALYZER_NUMBER_OBJECT_CONVERSION = YES_AGGRESSIVE;
				CLANG_CXX_LANGUAGE_STANDARD = "gnu++14";
				CLANG_CXX_LIBRARY = "libc++";
				CLANG_ENABLE_MODULES = YES;
				CLANG_ENABLE_OBJC_ARC = YES;
				CLANG_ENABLE_OBJC_WEAK = YES;
				CLANG_WARN_BLOCK_CAPTURE_AUTORELEASING = YES;
				CLANG_WARN_BOOL_CONVERSION = YES;
				CLANG_WARN_COMMA = YES;
				CLANG_WARN_CONSTANT_CONVERSION = YES;
				CLANG_WARN_DEPRECATED_OBJC_IMPLEMENTATIONS = YES;
				CLANG_WARN_DIRECT_OBJC_ISA_USAGE = YES_ERROR;
				CLANG_WARN_DOCUMENTATION_COMMENTS = YES;
				CLANG_WARN_EMPTY_BODY = YES;
				CLANG_WARN_ENUM_CONVERSION = YES;
				CLANG_WARN_INFINITE_RECURSION = YES;
				CLANG_WARN_INT_CONVERSION = YES;
				CLANG_WARN_NON_LITERAL_NULL_CONVERSION = YES;
				CLANG_WARN_OBJC_IMPLICIT_RETAIN_SELF = YES;
				CLANG_WARN_OBJC_LITERAL_CONVERSION = YES;
				CLANG_WARN_OBJC_ROOT_CLASS = YES_ERROR;
				CLANG_WARN_RANGE_LOOP_ANALYSIS = YES;
				CLANG_WARN_STRICT_PROTOTYPES = YES;
				CLANG_WARN_SUSPICIOUS_MOVE = YES;
				CLANG_WARN_UNGUARDED_AVAILABILITY = YES_AGGRESSIVE;
				CLANG_WARN_UNREACHABLE_CODE = YES;
				CLANG_WARN__DUPLICATE_METHOD_MATCH = YES;
				CODE_SIGN_IDENTITY = "iPhone Developer";
				COPY_PHASE_STRIP = NO;
				DEBUG_INFORMATION_FORMAT = "dwarf-with-dsym";
				ENABLE_NS_ASSERTIONS = NO;
				ENABLE_STRICT_OBJC_MSGSEND = YES;
				GCC_C_LANGUAGE_STANDARD = gnu11;
				GCC_NO_COMMON_BLOCKS = YES;
				GCC_WARN_64_TO_32_BIT_CONVERSION = YES;
				GCC_WARN_ABOUT_RETURN_TYPE = YES_ERROR;
				GCC_WARN_UNDECLARED_SELECTOR = YES;
				GCC_WARN_UNINITIALIZED_AUTOS = YES_AGGRESSIVE;
				GCC_WARN_UNUSED_FUNCTION = YES;
				GCC_WARN_UNUSED_VARIABLE = YES;
				IPHONEOS_DEPLOYMENT_TARGET = 12.1;
				MTL_ENABLE_DEBUG_INFO = NO;
				MTL_FAST_MATH = YES;
				SDKROOT = iphoneos;
				SWIFT_COMPILATION_MODE = wholemodule;
				SWIFT_OPTIMIZATION_LEVEL = "-O";
				VALIDATE_PRODUCT = YES;
			};
			name = Release;
		};
		84CE4FB821E314A600346B95 /* Debug */ = {
			isa = XCBuildConfiguration;
			buildSettings = {
				ASSETCATALOG_COMPILER_APPICON_NAME = AppIcon;
				CODE_SIGN_STYLE = Automatic;
				DEVELOPMENT_TEAM = HSB3FLWF7Q;
				INFOPLIST_FILE = ChatBotApp/Info.plist;
				LD_RUNPATH_SEARCH_PATHS = (
					"$(inherited)",
					"@executable_path/Frameworks",
				);
				PRODUCT_BUNDLE_IDENTIFIER = example.ChatBotApp;
				PRODUCT_NAME = "$(TARGET_NAME)";
				SWIFT_VERSION = 4.2;
				TARGETED_DEVICE_FAMILY = "1,2";
			};
			name = Debug;
		};
		84CE4FB921E314A600346B95 /* Release */ = {
			isa = XCBuildConfiguration;
			buildSettings = {
				ASSETCATALOG_COMPILER_APPICON_NAME = AppIcon;
				CODE_SIGN_STYLE = Automatic;
				DEVELOPMENT_TEAM = HSB3FLWF7Q;
				INFOPLIST_FILE = ChatBotApp/Info.plist;
				LD_RUNPATH_SEARCH_PATHS = (
					"$(inherited)",
					"@executable_path/Frameworks",
				);
				PRODUCT_BUNDLE_IDENTIFIER = example.ChatBotApp;
				PRODUCT_NAME = "$(TARGET_NAME)";
				SWIFT_VERSION = 4.2;
				TARGETED_DEVICE_FAMILY = "1,2";
			};
			name = Release;
		};
		84CE4FBB21E314A600346B95 /* Debug */ = {
			isa = XCBuildConfiguration;
			buildSettings = {
				ALWAYS_EMBED_SWIFT_STANDARD_LIBRARIES = YES;
				BUNDLE_LOADER = "$(TEST_HOST)";
				CODE_SIGN_STYLE = Automatic;
				DEVELOPMENT_TEAM = HSB3FLWF7Q;
				INFOPLIST_FILE = ChatBotAppTests/Info.plist;
				LD_RUNPATH_SEARCH_PATHS = (
					"$(inherited)",
					"@executable_path/Frameworks",
					"@loader_path/Frameworks",
				);
				PRODUCT_BUNDLE_IDENTIFIER = example.ChatBotAppTests;
				PRODUCT_NAME = "$(TARGET_NAME)";
				SWIFT_VERSION = 4.2;
				TARGETED_DEVICE_FAMILY = "1,2";
				TEST_HOST = "$(BUILT_PRODUCTS_DIR)/ChatBotApp.app/ChatBotApp";
			};
			name = Debug;
		};
		84CE4FBC21E314A600346B95 /* Release */ = {
			isa = XCBuildConfiguration;
			buildSettings = {
				ALWAYS_EMBED_SWIFT_STANDARD_LIBRARIES = YES;
				BUNDLE_LOADER = "$(TEST_HOST)";
				CODE_SIGN_STYLE = Automatic;
				DEVELOPMENT_TEAM = HSB3FLWF7Q;
				INFOPLIST_FILE = ChatBotAppTests/Info.plist;
				LD_RUNPATH_SEARCH_PATHS = (
					"$(inherited)",
					"@executable_path/Frameworks",
					"@loader_path/Frameworks",
				);
				PRODUCT_BUNDLE_IDENTIFIER = example.ChatBotAppTests;
				PRODUCT_NAME = "$(TARGET_NAME)";
				SWIFT_VERSION = 4.2;
				TARGETED_DEVICE_FAMILY = "1,2";
				TEST_HOST = "$(BUILT_PRODUCTS_DIR)/ChatBotApp.app/ChatBotApp";
			};
			name = Release;
		};
		84CE4FBE21E314A600346B95 /* Debug */ = {
			isa = XCBuildConfiguration;
			buildSettings = {
				ALWAYS_EMBED_SWIFT_STANDARD_LIBRARIES = YES;
				CODE_SIGN_STYLE = Automatic;
				DEVELOPMENT_TEAM = HSB3FLWF7Q;
				INFOPLIST_FILE = ChatBotAppUITests/Info.plist;
				LD_RUNPATH_SEARCH_PATHS = (
					"$(inherited)",
					"@executable_path/Frameworks",
					"@loader_path/Frameworks",
				);
				PRODUCT_BUNDLE_IDENTIFIER = example.ChatBotAppUITests;
				PRODUCT_NAME = "$(TARGET_NAME)";
				SWIFT_VERSION = 4.2;
				TARGETED_DEVICE_FAMILY = "1,2";
				TEST_TARGET_NAME = ChatBotApp;
			};
			name = Debug;
		};
		84CE4FBF21E314A600346B95 /* Release */ = {
			isa = XCBuildConfiguration;
			buildSettings = {
				ALWAYS_EMBED_SWIFT_STANDARD_LIBRARIES = YES;
				CODE_SIGN_STYLE = Automatic;
				DEVELOPMENT_TEAM = HSB3FLWF7Q;
				INFOPLIST_FILE = ChatBotAppUITests/Info.plist;
				LD_RUNPATH_SEARCH_PATHS = (
					"$(inherited)",
					"@executable_path/Frameworks",
					"@loader_path/Frameworks",
				);
				PRODUCT_BUNDLE_IDENTIFIER = example.ChatBotAppUITests;
				PRODUCT_NAME = "$(TARGET_NAME)";
				SWIFT_VERSION = 4.2;
				TARGETED_DEVICE_FAMILY = "1,2";
				TEST_TARGET_NAME = ChatBotApp;
			};
			name = Release;
		};
/* End XCBuildConfiguration section */

/* Begin XCConfigurationList section */
		84CE4F8A21E314A500346B95 /* Build configuration list for PBXProject "ChatBotApp" */ = {
			isa = XCConfigurationList;
			buildConfigurations = (
				84CE4FB521E314A600346B95 /* Debug */,
				84CE4FB621E314A600346B95 /* Release */,
			);
			defaultConfigurationIsVisible = 0;
			defaultConfigurationName = Release;
		};
		84CE4FB721E314A600346B95 /* Build configuration list for PBXNativeTarget "ChatBotApp" */ = {
			isa = XCConfigurationList;
			buildConfigurations = (
				84CE4FB821E314A600346B95 /* Debug */,
				84CE4FB921E314A600346B95 /* Release */,
			);
			defaultConfigurationIsVisible = 0;
			defaultConfigurationName = Release;
		};
		84CE4FBA21E314A600346B95 /* Build configuration list for PBXNativeTarget "ChatBotAppTests" */ = {
			isa = XCConfigurationList;
			buildConfigurations = (
				84CE4FBB21E314A600346B95 /* Debug */,
				84CE4FBC21E314A600346B95 /* Release */,
			);
			defaultConfigurationIsVisible = 0;
			defaultConfigurationName = Release;
		};
		84CE4FBD21E314A600346B95 /* Build configuration list for PBXNativeTarget "ChatBotAppUITests" */ = {
			isa = XCConfigurationList;
			buildConfigurations = (
				84CE4FBE21E314A600346B95 /* Debug */,
				84CE4FBF21E314A600346B95 /* Release */,
			);
			defaultConfigurationIsVisible = 0;
			defaultConfigurationName = Release;
		};
/* End XCConfigurationList section */
	};
	rootObject = 84CE4F8721E314A500346B95 /* Project object */;
}
